
Microsoft Visual Studio Solution File, Format Version 12.00
# Visual Studio Version 17
VisualStudioVersion = 17.6.33723.286
MinimumVisualStudioVersion = 10.0.40219.1
Project("{8BC9CEB8-8B4A-11D0-8D11-00A0C91BC942}") = "progmgr", "progmgr\progmgr.vcxproj", "{B76B940D-B61A-456E-8569-72F64CF91AFB}"
EndProject
Global
	GlobalSection(SolutionConfigurationPlatforms) = preSolution
		Debug|x64 = Debug|x64
		Debug|x86 = Debug|x86
		Release|x64 = Release|x64
		Release|x86 = Release|x86
	EndGlobalSection
	GlobalSection(ProjectConfigurationPlatforms) = postSolution
		{B76B940D-B61A-456E-8569-72F64CF91AFB}.Debug|x64.ActiveCfg = Debug|x64
		{B76B940D-B61A-456E-8569-72F64CF91AFB}.Debug|x64.Build.0 = Debug|x64
		{B76B940D-B61A-456E-8569-72F64CF91AFB}.Debug|x86.ActiveCfg = Debug|Win32
		{B76B940D-B61A-456E-8569-72F64CF91AFB}.Debug|x86.Build.0 = Debug|Win32
		{B76B940D-B61A-456E-8569-72F64CF91AFB}.Release|x64.ActiveCfg = Release|x64
		{B76B940D-B61A-456E-8569-72F64CF91AFB}.Release|x64.Build.0 = Release|x64
		{B76B940D-B61A-456E-8569-72F64CF91AFB}.Release|x86.ActiveCfg = Release|Win32
		{B76B940D-B61A-456E-8569-72F64CF91AFB}.Release|x86.Build.0 = Release|Win32
	EndGlobalSection
	GlobalSection(SolutionProperties) = preSolution
		HideSolutionNode = FALSE
	EndGlobalSection
	GlobalSection(ExtensibilityGlobals) = postSolution
		SolutionGuid = {C7E38554-BE0A-44B1-8BAA-3B4C8F970510}
	EndGlobalSection
EndGlobal
